
Microsoft Visual Studio Solution File, Format Version 12.00
# Visual Studio Version 17
VisualStudioVersion = 17.14.36518.9
MinimumVisualStudioVersion = 10.0.40219.1
Project("{2150E333-8FDC-42A3-9474-1A3956D46DE8}") = "Source", "Source", "{02EA681E-C7D8-13C7-8484-4AC65E1B71E8}"
EndProject
Project("{2150E333-8FDC-42A3-9474-1A3956D46DE8}") = "Core", "Core", "{2AF40BBD-E8BA-4581-9658-37BC27E48EB2}"
EndProject
Project("{2150E333-8FDC-42A3-9474-1A3956D46DE8}") = "Infrastructure", "Infrastructure", "{FB714CEB-82E9-4E5B-B236-069EBDAB72C5}"
EndProject
Project("{2150E333-8FDC-42A3-9474-1A3956D46DE8}") = "Presentation", "Presentation", "{4FF4F9D7-E83A-433C-A19D-6942B3651ADF}"
EndProject
Project("{2150E333-8FDC-42A3-9474-1A3956D46DE8}") = "API", "API", "{5E024BE8-340C-4A8E-818D-BEEBAE4AB707}"
EndProject
Project("{FAE04EC0-301F-11D3-BF4B-00C04F79EFBC}") = "BabelBooks.Core.Domain", "BabelBooks.Core.Domain\BabelBooks.Core.Domain.csproj", "{A3154D42-1D3E-490A-99F0-942D89905B3F}"
EndProject
Project("{FAE04EC0-301F-11D3-BF4B-00C04F79EFBC}") = "BabelBooksAPI", "BabelBooksAPI\BabelBooksAPI.csproj", "{AFF29E0E-D07F-4485-92F6-AC149B1C867B}"
EndProject
Project("{FAE04EC0-301F-11D3-BF4B-00C04F79EFBC}") = "BabelBooks.Core.Application", "BabelBooks.Core.Application\BabelBooks.Core.Application.csproj", "{128A6CBD-CE51-42A0-97B5-8F0FB6C4AFFC}"
EndProject
Project("{FAE04EC0-301F-11D3-BF4B-00C04F79EFBC}") = "BabelBooks.Infrastructure.Persistence", "BabelBooks.Infrastructure.Persistence\BabelBooks.Infrastructure.Persistence.csproj", "{F1DE8F1F-71D2-47FF-98C1-9C6AABB9963E}"
EndProject
Global
	GlobalSection(SolutionConfigurationPlatforms) = preSolution
		Debug|Any CPU = Debug|Any CPU
		Release|Any CPU = Release|Any CPU
	EndGlobalSection
	GlobalSection(ProjectConfigurationPlatforms) = postSolution
		{A3154D42-1D3E-490A-99F0-942D89905B3F}.Debug|Any CPU.ActiveCfg = Debug|Any CPU
		{A3154D42-1D3E-490A-99F0-942D89905B3F}.Debug|Any CPU.Build.0 = Debug|Any CPU
		{A3154D42-1D3E-490A-99F0-942D89905B3F}.Release|Any CPU.ActiveCfg = Release|Any CPU
		{A3154D42-1D3E-490A-99F0-942D89905B3F}.Release|Any CPU.Build.0 = Release|Any CPU
		{AFF29E0E-D07F-4485-92F6-AC149B1C867B}.Debug|Any CPU.ActiveCfg = Debug|Any CPU
		{AFF29E0E-D07F-4485-92F6-AC149B1C867B}.Debug|Any CPU.Build.0 = Debug|Any CPU
		{AFF29E0E-D07F-4485-92F6-AC149B1C867B}.Release|Any CPU.ActiveCfg = Release|Any CPU
		{AFF29E0E-D07F-4485-92F6-AC149B1C867B}.Release|Any CPU.Build.0 = Release|Any CPU
		{128A6CBD-CE51-42A0-97B5-8F0FB6C4AFFC}.Debug|Any CPU.ActiveCfg = Debug|Any CPU
		{128A6CBD-CE51-42A0-97B5-8F0FB6C4AFFC}.Debug|Any CPU.Build.0 = Debug|Any CPU
		{128A6CBD-CE51-42A0-97B5-8F0FB6C4AFFC}.Release|Any CPU.ActiveCfg = Release|Any CPU
		{128A6CBD-CE51-42A0-97B5-8F0FB6C4AFFC}.Release|Any CPU.Build.0 = Release|Any CPU
		{F1DE8F1F-71D2-47FF-98C1-9C6AABB9963E}.Debug|Any CPU.ActiveCfg = Debug|Any CPU
		{F1DE8F1F-71D2-47FF-98C1-9C6AABB9963E}.Debug|Any CPU.Build.0 = Debug|Any CPU
		{F1DE8F1F-71D2-47FF-98C1-9C6AABB9963E}.Release|Any CPU.ActiveCfg = Release|Any CPU
		{F1DE8F1F-71D2-47FF-98C1-9C6AABB9963E}.Release|Any CPU.Build.0 = Release|Any CPU
	EndGlobalSection
	GlobalSection(SolutionProperties) = preSolution
		HideSolutionNode = FALSE
	EndGlobalSection
	GlobalSection(NestedProjects) = preSolution
		{2AF40BBD-E8BA-4581-9658-37BC27E48EB2} = {02EA681E-C7D8-13C7-8484-4AC65E1B71E8}
		{FB714CEB-82E9-4E5B-B236-069EBDAB72C5} = {02EA681E-C7D8-13C7-8484-4AC65E1B71E8}
		{4FF4F9D7-E83A-433C-A19D-6942B3651ADF} = {02EA681E-C7D8-13C7-8484-4AC65E1B71E8}
		{5E024BE8-340C-4A8E-818D-BEEBAE4AB707} = {4FF4F9D7-E83A-433C-A19D-6942B3651ADF}
		{A3154D42-1D3E-490A-99F0-942D89905B3F} = {2AF40BBD-E8BA-4581-9658-37BC27E48EB2}
		{AFF29E0E-D07F-4485-92F6-AC149B1C867B} = {5E024BE8-340C-4A8E-818D-BEEBAE4AB707}
		{128A6CBD-CE51-42A0-97B5-8F0FB6C4AFFC} = {2AF40BBD-E8BA-4581-9658-37BC27E48EB2}
		{F1DE8F1F-71D2-47FF-98C1-9C6AABB9963E} = {FB714CEB-82E9-4E5B-B236-069EBDAB72C5}
	EndGlobalSection
	GlobalSection(ExtensibilityGlobals) = postSolution
		SolutionGuid = {795C2C93-746D-4E00-B303-0EB05BC318E2}
	EndGlobalSection
EndGlobal
